version: 7
platforms:
- name: linux-64
  virtual-packages:
  - __unix=0=0
  - __linux=4.18
  - __glibc=2.28
  - __archspec=0=x86_64
environments:
  default:
    channels:
    - url: https://prefix.dev/conda-forge/
    packages:
      linux-64:
      - conda: https://prefix.dev/conda-forge/linux-64/_openmp_mutex-4.5-20_gnu.conda
      - conda: https://prefix.dev/conda-forge/linux-64/bzip2-1.0.8-hda65f42_10.conda
      - conda: https://prefix.dev/conda-forge/linux-64/c-ares-1.34.8-hebe6cf0_2.conda
      - conda: https://prefix.dev/conda-forge/linux-64/coreutils-9.12-hebe6cf0_0.conda
      - conda: https://prefix.dev/conda-forge/linux-64/cpio-2.15-h280c20c_1.conda
      - conda: https://prefix.dev/conda-forge/linux-64/cpp-expected-1.3.1-h171cf75_1.conda
      - conda: https://prefix.dev/conda-forge/linux-64/curl-8.22.0-ha042cf0_0.conda
      - conda: https://prefix.dev/conda-forge/linux-64/elfutils-0.194-h849f50c_0.conda
      - conda: https://prefix.dev/conda-forge/linux-64/file-5.48-hd479b6e_1.conda
      - conda: https://prefix.dev/conda-forge/linux-64/fmt-12.1.0-h76c4fd7_1.conda
      - conda: https://prefix.dev/conda-forge/linux-64/gmp-6.3.0-hfd2156b_3.conda
      - conda: https://prefix.dev/conda-forge/linux-64/gnutls-3.8.13-h18acefa_0.conda
      - conda: https://prefix.dev/conda-forge/linux-64/icu-78.3-py310h44b86e0_2.conda
      - conda: https://prefix.dev/conda-forge/linux-64/jq-1.8.2-h280c20c_1.conda
      - conda: https://prefix.dev/conda-forge/linux-64/keyutils-1.6.3-h7cc23a3_1.conda
      - conda: https://prefix.dev/conda-forge/linux-64/krb5-1.22.2-hbc21106_2.conda
      - conda: https://prefix.dev/conda-forge/linux-64/ld_impl_linux-64-2.46.1-default_hbd61a6d_102.conda
      - conda: https://prefix.dev/conda-forge/linux-64/libacl-2.4.0-h1b0031e_2.conda
      - conda: https://prefix.dev/conda-forge/linux-64/libarchive-3.8.9-gpl_h3152399_101.conda
      - conda: https://prefix.dev/conda-forge/linux-64/libattr-2.6.0-h11a17bc_1.conda
      - conda: https://prefix.dev/conda-forge/linux-64/libcap-2.78-h084b8d7_1.conda
      - conda: https://prefix.dev/conda-forge/linux-64/libcurl-8.22.0-ha042cf0_0.conda
      - conda: https://prefix.dev/conda-forge/linux-64/libedit-3.1.20250104-pl5321h373387f_1.conda
      - conda: https://prefix.dev/conda-forge/linux-64/libev-4.33-h280c20c_3.conda
      - conda: https://prefix.dev/conda-forge/linux-64/libexpat-2.8.1-hecca717_1.conda
      - conda: https://prefix.dev/conda-forge/linux-64/libffi-3.7.0-h81df57d_1.conda
      - conda: https://prefix.dev/conda-forge/linux-64/libgcc-16.2.0-ha9f2e26_5.conda
      - conda: https://prefix.dev/conda-forge/linux-64/libgcc-ng-16.2.0-h69a702a_5.conda
      - conda: https://prefix.dev/conda-forge/linux-64/libgomp-16.2.0-he0feb66_5.conda
      - conda: https://prefix.dev/conda-forge/linux-64/libiconv-1.18-h0cb94f2_3.conda
      - conda: https://prefix.dev/conda-forge/linux-64/libidn2-2.3.8-hfac485b_1.conda
      - conda: https://prefix.dev/conda-forge/linux-64/liblzma-5.8.3-hb03c661_1.conda
      - conda: https://prefix.dev/conda-forge/linux-64/libmagic-5.48-h421ea60_1.conda
      - conda: https://prefix.dev/conda-forge/linux-64/libmamba-2.9.0-py314h6ba947b_1.conda
      - conda: https://prefix.dev/conda-forge/linux-64/libmicrohttpd-1.0.10-hc2fc477_0.conda
      - conda: https://prefix.dev/conda-forge/linux-64/libmpdec-4.0.0-hb03c661_2.conda
      - conda: https://prefix.dev/conda-forge/linux-64/libmsgpack-c-6.1.0-h54a6638_7.conda
      - conda: https://prefix.dev/conda-forge/linux-64/libnghttp2-1.68.1-h74cf4be_1.conda
      - conda: https://prefix.dev/conda-forge/linux-64/libpsl-0.23.1-hd9e3e90_1.conda
      - conda: https://prefix.dev/conda-forge/linux-64/libpython-3.14.7-hdc7f604_106_cp314.conda
      - conda: https://prefix.dev/conda-forge/linux-64/libsolv-0.7.39-h72ddc62_1.conda
      - conda: https://prefix.dev/conda-forge/linux-64/libsqlite-3.53.4-h13e7031_1.conda
      - conda: https://prefix.dev/conda-forge/linux-64/libssh2-1.11.1-h6154650_1.conda
      - conda: https://prefix.dev/conda-forge/linux-64/libstdcxx-16.2.0-h934c35e_5.conda
      - conda: https://prefix.dev/conda-forge/linux-64/libtasn1-4.21.0-hb03c661_1.conda
      - conda: https://prefix.dev/conda-forge/linux-64/libunistring-0.9.10-h7f98852_0.tar.bz2
      - conda: https://prefix.dev/conda-forge/linux-64/libuuid-2.42.3-hcfc3c73_0.conda
      - conda: https://prefix.dev/conda-forge/linux-64/libxml2-16-2.15.4-hf3af7cc_0.conda
      - conda: https://prefix.dev/conda-forge/linux-64/libxml2-2.15.4-h7df9aa5_0.conda
      - conda: https://prefix.dev/conda-forge/linux-64/libzlib-1.3.2-h25fd6f3_3.conda
      - conda: https://prefix.dev/conda-forge/linux-64/lua-5.5.0-h76c996d_0.conda
      - conda: https://prefix.dev/conda-forge/linux-64/lz4-c-1.10.0-hee9eb32_2.conda
      - conda: https://prefix.dev/conda-forge/linux-64/lzo-2.10-hebe6cf0_1003.conda
      - conda: https://prefix.dev/conda-forge/linux-64/mamba-2.9.0-h33f7037_1.conda
      - conda: https://prefix.dev/conda-forge/linux-64/ncurses-6.6-hdb14827_1.conda
      - conda: https://prefix.dev/conda-forge/linux-64/nettle-3.10.1-h5ef0d04_1.conda
      - conda: https://prefix.dev/conda-forge/linux-64/oniguruma-6.9.10-hebe6cf0_1.conda
      - conda: https://prefix.dev/conda-forge/linux-64/openssl-3.6.4-h781a0a9_0.conda
      - conda: https://prefix.dev/conda-forge/linux-64/p11-kit-0.26.5-h8d769aa_2.conda
      - conda: https://prefix.dev/conda-forge/linux-64/patchelf-0.19.1-hee9eb32_1.conda
      - conda: https://prefix.dev/conda-forge/linux-64/popt-1.19-hcfc3c73_2.conda
      - conda: https://prefix.dev/conda-forge/linux-64/python-3.14.7-hcd007b5_106_cp314.conda
      - conda: https://prefix.dev/conda-forge/linux-64/rattler-build-0.75.0-hf01adef_0.conda
      - conda: https://prefix.dev/conda-forge/linux-64/rattler-index-0.31.5-h10a7753_0.conda
      - conda: https://prefix.dev/conda-forge/linux-64/readline-8.3-hd6e31c0_1.conda
      - conda: https://prefix.dev/conda-forge/linux-64/reproc-14.2.8.post0-hee9eb32_0.conda
      - conda: https://prefix.dev/conda-forge/linux-64/reproc-cpp-14.2.8.post0-h1c70be6_0.conda
      - conda: https://prefix.dev/conda-forge/linux-64/rpm-sequoia-1.10.3-h69923ef_0.conda
      - conda: https://prefix.dev/conda-forge/linux-64/rpm-tools-6.1.0-py311lua5hd158a65_0.conda
      - conda: https://prefix.dev/conda-forge/linux-64/simdjson-4.6.11-h4dbf13b_0.conda
      - conda: https://prefix.dev/conda-forge/linux-64/spdlog-1.17.0-hb6aa676_2.conda
      - conda: https://prefix.dev/conda-forge/linux-64/tk-8.6.13-noxft_h1df4ec4_4.conda
      - conda: https://prefix.dev/conda-forge/linux-64/yaml-cpp-0.8.0-h54a6638_1.conda
      - conda: https://prefix.dev/conda-forge/linux-64/zstd-1.5.7-hb78ec9c_7.conda
      - conda: https://prefix.dev/conda-forge/noarch/_python_abi3_support-1.0-hd8ed1ab_3.conda
      - conda: https://prefix.dev/conda-forge/noarch/ca-certificates-2026.7.22-hbd8a1cb_0.conda
      - conda: https://prefix.dev/conda-forge/noarch/cpython-3.14.7-py314hd8ed1ab_106.conda
      - conda: https://prefix.dev/conda-forge/noarch/nlohmann_json-abi-3.12.0-h0f90c79_2.conda
      - conda: https://prefix.dev/conda-forge/noarch/python-gil-3.14.7-h4df99d1_106.conda
      - conda: https://prefix.dev/conda-forge/noarch/python_abi-3.14-9_cp314.conda
      - conda: https://prefix.dev/conda-forge/noarch/tzdata-2026c-h151e31d_0.conda
packages:
- conda: https://prefix.dev/conda-forge/linux-64/_openmp_mutex-4.5-20_gnu.conda
  build_number: 20
  sha256: 1dd3fffd892081df9726d7eb7e0dea6198962ba775bd88842135a4ddb4deb3c9
  md5: a9f577daf3de00bca7c3c76c0ecbd1de
  depends:
  - __glibc >=2.17,<3.0.a0
  - libgomp >=7.5.0
  constrains:
  - openmp_impl <0.0a0
  license: BSD-3-Clause
  license_family: BSD
  run_exports:
    strong:
    - _openmp_mutex >=4.5
  size: 28948
  timestamp: 1770939786096
- conda: https://prefix.dev/conda-forge/linux-64/bzip2-1.0.8-hda65f42_10.conda
  sha256: 1a0d382c515ebf55f8ee1f38c8b81bc95af5c2acc42ad53b66bc5df932032f96
  md5: e675fabcf81499adc7edf58124fb1e01
  depends:
  - __glibc >=2.17,<3.0.a0
  - libgcc >=14
  license: bzip2-1.0.6
  license_family: BSD
  run_exports:
    weak:
    - bzip2 >=1.0.8,<2.0a0
  size: 257808
  timestamp: 1785906269155
- conda: https://prefix.dev/conda-forge/linux-64/c-ares-1.34.8-hebe6cf0_2.conda
  sha256: 9c37cc233238adf366ea75b0e845662a5be07ceadf62e458183516369340274b
  md5: 3ad2b403be8fc5612b9159e2ce621f69
  depends:
  - libgcc >=15
  - __glibc >=2.17,<3.0.a0
  license: MIT
  license_family: MIT
  run_exports:
    weak:
    - c-ares >=1.34.8,<2.0a0
  size: 228700
  timestamp: 1787169971173
- conda: https://prefix.dev/conda-forge/linux-64/coreutils-9.12-hebe6cf0_0.conda
  sha256: f310293cb912a17c9c806402729500fc5a6b69a38b90ffed77d9c5999ea625c4
  md5: a600cec5922296d03bd0473d3837301e
  depends:
  - libgcc >=15
  - __glibc >=2.17,<3.0.a0
  license: GPL-3.0-or-later
  license_family: GPL
  run_exports: {}
  size: 3494585
  timestamp: 1789486354729
- conda: https://prefix.dev/conda-forge/linux-64/cpio-2.15-h280c20c_1.conda
  sha256: 5da371ebe379a3065768863686a48050911c0e697e09572b069cf4238d0b4496
  md5: 035eddc4e2b1ec2d8a7604b2e97ae638
  depends:
  - __glibc >=2.17,<3.0.a0
  - libgcc >=14
  license: GPL-3.0-or-later
  license_family: GPL
  run_exports: {}
  size: 295175
  timestamp: 1764143377262
- conda: https://prefix.dev/conda-forge/linux-64/cpp-expected-1.3.1-h171cf75_1.conda
  sha256: 6a905f317b93104444dc74875933a7cdf65fa14ae05dd6485ece6ffd9d0b5e89
  md5: 451367db888b29ad0db6b298669fbe77
  depends:
  - libstdcxx >=14
  - libgcc >=14
  - __glibc >=2.17,<3.0.a0
  license: CC0-1.0
  run_exports: {}
  size: 24388
  timestamp: 1785920465106
- conda: https://prefix.dev/conda-forge/linux-64/curl-8.22.0-ha042cf0_0.conda
  sha256: 1a35faf4bf079c4438c52c9795b95d6c97c1b60e0bb51802cf48e2b7352b57e5
  md5: 399a7c0b7ca511de34c5ee5762cee149
  depends:
  - __glibc >=2.17,<3.0.a0
  - krb5 >=1.22.2,<1.23.0a0
  - libcurl 8.22.0 ha042cf0_0
  - libgcc >=15
  - libpsl >=0.23.1,<0.24.0a0
  - libssh2 >=1.11.1,<2.0a0
  - libzlib >=1.3.2,<2.0a0
  - openssl >=3.5.8,<4.0a0
  - zstd >=1.5.7,<1.6.0a0
  license: curl
  license_family: MIT
  run_exports: {}
  size: 196563
  timestamp: 1788340726238
- conda: https://prefix.dev/conda-forge/linux-64/elfutils-0.194-h849f50c_0.conda
  sha256: f71eae7dc8ff9392d225d2d529691b2db16289b7d8009646eeb1adf0caf3937b
  md5: 6da1f998c8ea85ba7692afbb5db72fb9
  depends:
  - libgcc >=14
  - libstdcxx >=14
  - __glibc >=2.17,<3.0.a0
  - libzlib >=1.3.1,<2.0a0
  - libsqlite >=3.51.1,<4.0a0
  - libmicrohttpd >=1.0.2,<1.1.0a0
  - libarchive >=3.8.2,<3.9.0a0
  - liblzma >=5.8.1,<6.0a0
  - bzip2 >=1.0.8,<2.0a0
  - zstd >=1.5.7,<1.6.0a0
  - libcurl >=8.17.0,<9.0a0
  license: LGPL-3.0-only
  license_family: LGPL
  run_exports:
    weak:
    - elfutils >=0.194,<0.195.0a0
  size: 1289929
  timestamp: 1765447425767
- conda: https://prefix.dev/conda-forge/linux-64/file-5.48-hd479b6e_1.conda
  sha256: 478dd9aa480a0fdf39c354884fb85c37013726730f6bf69ed470efa2e27de0e4
  md5: cacf6c56b4ed2b8c5fe4f1771f671063
  depends:
  - libmagic ==5.48 h421ea60_1
  - __glibc >=2.17,<3.0.a0
  - libgcc >=14
  - libzlib >=1.3.2,<2.0a0
  license: BSD-2-Clause-Darwin
  run_exports: {}
  size: 37030
  timestamp: 1781763252336
- conda: https://prefix.dev/conda-forge/linux-64/fmt-12.1.0-h76c4fd7_1.conda
  sha256: 25d14a197601fdd616f2e501431b52887e69b31e7defbc1679381d718357ceb7
  md5: a70bb6d42ad121aef456e0007e92bed6
  depends:
  - __glibc >=2.17,<3.0.a0
  - libgcc >=14
  - libstdcxx >=14
  license: MIT
  license_family: MIT
  run_exports:
    weak:
    - fmt >=12.1.0,<12.2.0a0
  size: 199072
  timestamp: 1785915412102
- conda: https://prefix.dev/conda-forge/linux-64/gmp-6.3.0-hfd2156b_3.conda
  sha256: f36c336efc874f346a53a9011f67e997f9faac505562cc18c13b6d399cfe61c7
  md5: 576e32739f323438bf69ab006c21be7b
  depends:
  - __glibc >=2.17,<3.0.a0
  - libgcc >=14
  - libstdcxx >=14
  license: GPL-2.0-or-later OR LGPL-3.0-or-later
  run_exports:
    weak:
    - gmp >=6.3.0,<7.0a0
  size: 493498
  timestamp: 1786629164954
- conda: https://prefix.dev/conda-forge/linux-64/gnutls-3.8.13-h18acefa_0.conda
  sha256: dbdbb714064914281c755650bc54e1855412e7e2f4c99ad171b5123ed704b2b1
  md5: 7c3de21891993e89aabdadaa603ed835
  depends:
  - __glibc >=2.17,<3.0.a0
  - gmp >=6.3.0,<7.0a0
  - libgcc >=14
  - libidn2 >=2,<3.0a0
  - libstdcxx >=14
  - libtasn1 >=4.21.0,<5.0a0
  - nettle >=3.10.1,<3.11.0a0
  - p11-kit >=0.26.2,<0.27.0a0
  license: LGPL-2.1-or-later
  license_family: LGPL
  run_exports:
    weak:
    - gnutls >=3.8.13,<3.9.0a0
  size: 2054535
  timestamp: 1778044634746
- conda: https://prefix.dev/conda-forge/linux-64/icu-78.3-py310h44b86e0_2.conda
  sha256: 9f07834f0c546ab14d885ce0366285f61f44e326c0edd1fc63b8294e113ae432
  md5: 72a381cbad04f24b1c2a43ef707f45b4
  depends:
  - __glibc >=2.17,<3.0.a0
  - libstdcxx >=14
  - libgcc >=14
  license: MIT
  license_family: MIT
  run_exports:
    weak:
    - icu >=78.3,<79.0a0
  size: 14459115
  timestamp: 1786545741408
- conda: https://prefix.dev/conda-forge/linux-64/jq-1.8.2-h280c20c_1.conda
  sha256: f14c52155ba14ccb41fdd6f71d74b21153c35e131185434da7334cf25b3eef46
  md5: 6ec056e539486e84f0c7acef6b5863f9
  depends:
  - oniguruma 6.9.*
  - libgcc >=14
  - __glibc >=2.17,<3.0.a0
  - oniguruma >=6.9.10,<6.10.0a0
  license: MIT
  license_family: MIT
  run_exports: {}
  size: 317374
  timestamp: 1786434969272
- conda: https://prefix.dev/conda-forge/linux-64/keyutils-1.6.3-h7cc23a3_1.conda
  sha256: dd053c96dcb0dcfd59422aefea9d2fe937a190167f34fba7893ec1e10a7e8963
  md5: ba55d1b89fd7775e67de8291029b4059
  depends:
  - __glibc >=2.17,<3.0.a0
  - libgcc >=15
  license: LGPL-2.1-or-later
  run_exports:
    weak:
    - keyutils >=1.6.3,<2.0a0
  size: 135295
  timestamp: 1786739238128
- conda: https://prefix.dev/conda-forge/linux-64/krb5-1.22.2-hbc21106_2.conda
  sha256: 2a5c38c85e63df84c4e69ee71439841ce570d259ae3060627bb9a49a938d66f4
  md5: 53318d715316929a574f83591308b1f8
  depends:
  - __glibc >=2.17,<3.0.a0
  - keyutils >=1.6.3,<2.0a0
  - libedit >=3.1.20250104,<3.2.0a0
  - libedit >=3.1.20250104,<4.0a0
  - libgcc >=15
  - libstdcxx >=15
  - openssl >=3.5.7,<4.0a0
  license: MIT
  license_family: MIT
  run_exports:
    weak:
    - krb5 >=1.22.2,<1.23.0a0
  size: 1394333
  timestamp: 1786762112514
- conda: https://prefix.dev/conda-forge/linux-64/ld_impl_linux-64-2.46.1-default_hbd61a6d_102.conda
  sha256: 27d83f1188cd19bcb7754a078b3fa7f4cfb8527f8eb2fde54dd01fc529d1adec
  md5: 449500f2c089da11c40f5c21312e3e07
  depends:
  - __glibc >=2.17,<3.0.a0
  - zstd >=1.5.7,<1.6.0a0
  constrains:
  - binutils_impl_linux-64 2.46.1
  license: GPL-3.0-only
  license_family: GPL
  run_exports: {}
  size: 745303
  timestamp: 1784214507189
- conda: https://prefix.dev/conda-forge/linux-64/libacl-2.4.0-h1b0031e_2.conda
  sha256: fe541e87061b8ad38d3d9bec8be95b72693d24a10cde5be4759a24ac11d02d15
  md5: af925ec442e5e7b1ccb4411a2246c489
  depends:
  - libgcc >=14
  - __glibc >=2.17,<3.0.a0
  - libattr >=2.6.0,<2.7.0a0
  license: GPL-2.0-or-later
  license_family: GPL
  run_exports:
    weak:
    - libacl >=2.4.0,<2.5.0a0
  size: 131997
  timestamp: 1786151411925
- conda: https://prefix.dev/conda-forge/linux-64/libarchive-3.8.9-gpl_h3152399_101.conda
  sha256: bfae027a67d02325cd6b75edd60beb67cf24483af9df0ae9ef74d4438e41c806
  md5: 680520cff78a974d564cd99cdf5ec0b5
  depends:
  - __glibc >=2.17,<3.0.a0
  - bzip2 >=1.0.8,<2.0a0
  - libgcc >=15
  - liblzma >=5.8.3,<6.0a0
  - libxml2
  - libxml2-16 >=2.15.3
  - libzlib >=1.3.2,<2.0a0
  - lz4-c >=1.10.0,<1.11.0a0
  - lzo >=2.10,<3.0a0
  - openssl >=3.5.7,<4.0a0
  - zstd >=1.5.7,<1.6.0a0
  license: BSD-2-Clause
  license_family: BSD
  run_exports:
    weak:
    - libarchive >=3.8.9,<3.9.0a0
  size: 875346
  timestamp: 1787292369121
- conda: https://prefix.dev/conda-forge/linux-64/libattr-2.6.0-h11a17bc_1.conda
  sha256: d92bbc34c982afabca44df73a6656ce75aa85a0e1c3acbef863627ed1a1563f0
  md5: 49a4dd4a591a15d1ae9fbb9dc5e60d77
  depends:
  - __glibc >=2.17,<3.0.a0
  - libgcc >=14
  license: LGPL-2.1-or-later
  license_family: LGPL
  run_exports:
    weak:
    - libattr >=2.6.0,<2.7.0a0
  size: 63644
  timestamp: 1785980561138
- conda: https://prefix.dev/conda-forge/linux-64/libcap-2.78-h084b8d7_1.conda
  sha256: 8cb25174d6b6fac95d31e86cfe41faffc8ee9dacbf2bfd22e6c23377e8f338c1
  md5: 5db514adf5f843126ff846d1510f22a4
  depends:
  - __glibc >=2.17,<3.0.a0
  - libgcc >=14
  license: BSD-3-Clause
  license_family: BSD
  run_exports:
    weak:
    - libcap >=2.78,<2.79.0a0
  size: 124306
  timestamp: 1786025967663
- conda: https://prefix.dev/conda-forge/linux-64/libcurl-8.22.0-ha042cf0_0.conda
  sha256: 483b7eb97f56fbb3a9cb7190d33012dfa0a5aaed99ede61465563cd97dd82504
  md5: e617deee7af8eb0c04f6296d12b54157
  depends:
  - __glibc >=2.17,<3.0.a0
  - krb5 >=1.22.2,<1.23.0a0
  - libgcc >=15
  - libnghttp2 >=1.68.1,<2.0a0
  - libpsl >=0.23.1,<0.24.0a0
  - libssh2 >=1.11.1,<2.0a0
  - libzlib >=1.3.2,<2.0a0
  - openssl >=3.5.8,<4.0a0
  - zstd >=1.5.7,<1.6.0a0
  license: curl
  license_family: MIT
  run_exports:
    weak:
    - libcurl >=8.22.0,<9.0a0
  size: 499651
  timestamp: 1788340719230
- conda: https://prefix.dev/conda-forge/linux-64/libedit-3.1.20250104-pl5321h373387f_1.conda
  sha256: 6473eb8caf2aae830f37caa93db9b26dddf7ac84b63229e8bf7fc0e5c3ab95b0
  md5: 50708d3b951d0f8e2d7f2df5b5edc040
  depends:
  - ncurses
  - libgcc >=14
  - __glibc >=2.17,<3.0.a0
  - ncurses >=6.6,<7.0a0
  license: BSD-2-Clause
  license_family: BSD
  run_exports:
    weak:
    - libedit >=3.1.20250104,<3.2.0a0
  size: 135098
  timestamp: 1786616658086
- conda: https://prefix.dev/conda-forge/linux-64/libev-4.33-h280c20c_3.conda
  sha256: e4418f68d01a6307c4431b585c71b584f40189877364e542ee87deb777f5e85b
  md5: 7bc31538d6e3fb349e897353969237ec
  depends:
  - libgcc >=14
  - __glibc >=2.17,<3.0.a0
  license: BSD-2-Clause OR GPL-2.0-or-later
  license_family: GPL
  run_exports:
    weak:
    - libev >=4.33,<4.34.0a0
  size: 43220
  timestamp: 1785917328200
- conda: https://prefix.dev/conda-forge/linux-64/libexpat-2.8.1-hecca717_1.conda
  sha256: 16feffd9ddbbe5b718515d38ee376c685ba95491cd901244e24671d20b952a77
  md5: b24d3c612f71e7aa74158d92106318b2
  depends:
  - __glibc >=2.17,<3.0.a0
  - libgcc >=14
  constrains:
  - expat 2.8.1.*
  license: MIT
  license_family: MIT
  run_exports: {}
  size: 77856
  timestamp: 1781203599810
- conda: https://prefix.dev/conda-forge/linux-64/libffi-3.7.0-h81df57d_1.conda
  sha256: c8c7583ef063bc3c430f1d48298e5ad24f796a35c22ed5b14183325825a61106
  md5: 6525a0b06aa4fd390795f0740636a9dd
  depends:
  - __glibc >=2.17,<3.0.a0
  - libgcc >=15
  license: MIT
  license_family: MIT
  run_exports:
    weak:
    - libffi >=3.7.0,<3.8.0a0
  size: 68004
  timestamp: 1787753412298
- conda: https://prefix.dev/conda-forge/linux-64/libgcc-16.2.0-ha9f2e26_5.conda
  sha256: 33d1b5d57c5a55a474330c5ec41fe7001a5aa600d9639389e8ce5edafae216a4
  md5: 3b62b92f0f082b67c59618ebf07617a7
  depends:
  - __glibc >=2.17,<3.0.a0
  - _openmp_mutex >=4.5
  constrains:
  - libgcc-ng ==16.2.0=*_5
  - libgomp 16.2.0 he0feb66_5
  license: GPL-3.0-only WITH GCC-exception-3.1
  license_family: GPL
  run_exports: {}
  size: 1057064
  timestamp: 1789485807107
- conda: https://prefix.dev/conda-forge/linux-64/libgcc-ng-16.2.0-h69a702a_5.conda
  sha256: d298972e17697a5e96806d5f2c151c53efd0afa0ef10db5d6757a5b186817219
  md5: e7c34906139296448e3554fafa3dbec2
  depends:
  - libgcc 16.2.0 ha9f2e26_5
  license: GPL-3.0-only WITH GCC-exception-3.1
  license_family: GPL
  run_exports:
    strong:
    - libgcc
  size: 28535
  timestamp: 1789485811332
- conda: https://prefix.dev/conda-forge/linux-64/libgomp-16.2.0-he0feb66_5.conda
  sha256: 224a5a09e258a1a257089a9af310e9336e1d36834959718a9fab8679742dd822
  md5: af44890f8a2beefd3a83805a59a65014
  depends:
  - __glibc >=2.17,<3.0.a0
  license: GPL-3.0-only WITH GCC-exception-3.1
  license_family: GPL
  run_exports:
    strong:
    - _openmp_mutex >=4.5
  size: 641644
  timestamp: 1789485759120
- conda: https://prefix.dev/conda-forge/linux-64/libiconv-1.18-h0cb94f2_3.conda
  sha256: f943117edb9cd4d9c61cc972eee5a34291dc55ea7a6e9e38da104995841cbcb6
  md5: f92233bf33e24a25668bb2119e2c51f9
  depends:
  - __glibc >=2.17,<3.0.a0
  - libgcc >=15
  license: LGPL-2.1-only
  run_exports:
    weak:
    - libiconv >=1.18,<2.0a0
  size: 789471
  timestamp: 1787033836207
- conda: https://prefix.dev/conda-forge/linux-64/libidn2-2.3.8-hfac485b_1.conda
  sha256: cc38c900b9a20fe75e61cbb594e749c57a06d96510722f5ddfa309682062b065
  md5: 842a81de672ddcf476337c8bde3cad33
  depends:
  - __glibc >=2.17,<3.0.a0
  - libgcc >=14
  - libunistring >=0,<1.0a0
  license: LGPL-2.0-only
  license_family: LGPL
  run_exports:
    weak:
    - libidn2 >=2,<3.0a0
  size: 139036
  timestamp: 1760385590993
- conda: https://prefix.dev/conda-forge/linux-64/liblzma-5.8.3-hb03c661_1.conda
  sha256: 9787df8c22a59c9a70d3e5a10db9ad663485e75e9ccc3f09bd092cb7b95e0dab
  md5: 1390b7c5ac0b1d8e447bc5efa6d3c8c2
  depends:
  - __glibc >=2.17,<3.0.a0
  - libgcc >=14
  constrains:
  - xz 5.8.3.*
  license: 0BSD
  run_exports:
    weak:
    - liblzma >=5.8.3,<6.0a0
  size: 112995
  timestamp: 1786348617826
- conda: https://prefix.dev/conda-forge/linux-64/libmagic-5.48-h421ea60_1.conda
  sha256: c27c09fe89e88000259ad3a83c18cb52804d06a8e25ee51b9bedbcf3584b64ba
  md5: 797a795edaf1256b329beee28db47d5d
  depends:
  - __glibc >=2.17,<3.0.a0
  - libgcc >=14
  - libzlib >=1.3.2,<2.0a0
  license: BSD-2-Clause-Darwin
  run_exports:
    weak:
    - libmagic >=5.48,<6.0a0
  size: 473875
  timestamp: 1781763252336
- conda: https://prefix.dev/conda-forge/linux-64/libmamba-2.9.0-py314h6ba947b_1.conda
  sha256: dc1f682513f6219eaff0396ab8e4f13d583312109f8ed024919494c1ecaaa12c
  md5: fb9418a4fca9ea864634f1c8183bb916
  depends:
  - cpp-expected >=1.3.1,<1.3.2.0a0
  - __glibc >=2.17,<3.0.a0
  - libstdcxx >=15
  - libgcc >=15
  - libsolv >=0.7.39,<0.8.0a0
  - yaml-cpp >=0.8.0,<0.9.0a0
  - libarchive >=3.8.9,<3.9.0a0
  - reproc >=14.2.8.post0,<14.3.0a0
  - nlohmann_json-abi ==3.12.0
  - simdjson >=4.6.11,<4.7.0a0
  - fmt >=12.1.0,<12.2.0a0
  - zstd >=1.5.7,<1.6.0a0
  - openssl >=3.5.8,<4.0a0
  - spdlog >=1.17.0,<1.18.0a0
  - reproc-cpp >=14.2.8.post0,<14.3.0a0
  - libcurl >=8.22.0,<9.0a0
  - libmsgpack-c >=6.1.0,<7.0a0
  license: BSD-3-Clause
  license_family: BSD
  run_exports:
    weak:
    - libmamba >=2.9.0,<2.10.0a0
  size: 2892509
  timestamp: 1789061577265
- conda: https://prefix.dev/conda-forge/linux-64/libmicrohttpd-1.0.10-hc2fc477_0.conda
  sha256: 2c27ceb7c159ee3d6ea8b333dfc8d7bede5d8bfd325df677d4c292e24a0dd7dc
  md5: 4e01a1886e86ee32a5cbdb354d56d86f
  depends:
  - __glibc >=2.17,<3.0.a0
  - libgcc >=14
  - gnutls >=3.8.13,<3.9.0a0
  license: LGPL-2.0-or-later
  license_family: LGPL
  run_exports:
    weak:
    - libmicrohttpd >=1.0.10,<1.1.0a0
  size: 303021
  timestamp: 1786366467972
- conda: https://prefix.dev/conda-forge/linux-64/libmpdec-4.0.0-hb03c661_2.conda
  sha256: 46820b4a835e175940ae20bec00fdddaff804cda27a1408ab1b95e77a2196437
  md5: fcfed1dc5053eb1901b66e7b1fc32588
  depends:
  - __glibc >=2.17,<3.0.a0
  - libgcc >=14
  license: BSD-2-Clause
  license_family: BSD
  run_exports: {}
  size: 92759
  timestamp: 1786650399772
- conda: https://prefix.dev/conda-forge/linux-64/libmsgpack-c-6.1.0-h54a6638_7.conda
  sha256: c23ac21547d9fac6be14b6b3463dd29fb0fd4aba5c64c4a9876dfa6d2e3158a9
  md5: 9ab61308317dbf6609e2142b16b792a5
  depends:
  - __glibc >=2.17,<3.0.a0
  - libstdcxx >=14
  - libgcc >=14
  constrains:
  - msgpack-c ==6.1.0 *_7
  license: BSL-1.0
  run_exports:
    weak:
    - libmsgpack-c >=6.1.0,<7.0a0
  size: 40166
  timestamp: 1786189331007
- conda: https://prefix.dev/conda-forge/linux-64/libnghttp2-1.68.1-h74cf4be_1.conda
  sha256: 11a2f54a6f391e25738bce0023e6ef499600147bbcf21c1fa69d2e251b03cc6a
  md5: 75d211f04ac87506f1f43420712a69fe
  depends:
  - __glibc >=2.17,<3.0.a0
  - c-ares >=1.34.8,<2.0a0
  - libev >=4.33,<4.34.0a0
  - libev >=4.33,<5.0a0
  - libgcc >=15
  - libstdcxx >=15
  - libzlib >=1.3.2,<2.0a0
  - openssl >=3.5.7,<4.0a0
  license: MIT
  license_family: MIT
  run_exports:
    weak:
    - libnghttp2 >=1.68.1,<2.0a0
  size: 649974
  timestamp: 1787177490105
- conda: https://prefix.dev/conda-forge/linux-64/libpsl-0.23.1-hd9e3e90_1.conda
  sha256: 09e8effdc89bc5d021349318d32b85594f5b8d8e3ab8f90a85b81f8fe695a566
  md5: 77be60417aa572afcb48cbe0f967401d
  depends:
  - libstdcxx >=15
  - libgcc >=15
  - __glibc >=2.17,<3.0.a0
  - icu >=78.3,<79.0a0
  license: MIT
  license_family: MIT
  run_exports:
    weak:
    - libpsl >=0.23.1,<0.24.0a0
  size: 72519
  timestamp: 1786970753847
- conda: https://prefix.dev/conda-forge/linux-64/libpython-3.14.7-hdc7f604_106_cp314.conda
  build_number: 106
  sha256: 5f879892bd439c3d94f4a97b06c214b9a19c4b92f74d84f0305c6ca1b2b239b2
  md5: 28af2158bb8dbb62e55b0af3b44f9d4a
  depends:
  - __glibc >=2.17,<3.0.a0
  - libgcc >=15
  - libstdcxx >=15
  license: Python-2.0
  run_exports: {}
  size: 10520530
  timestamp: 1788383918299
- conda: https://prefix.dev/conda-forge/linux-64/libsolv-0.7.39-h72ddc62_1.conda
  sha256: c55a7242db95609b6f0b56b49ef2f5c1796060c0a221bbca3d61fbe19bf05add
  md5: f5ac3845eb3e5a6c74100e3a7730c110
  depends:
  - __glibc >=2.17,<3.0.a0
  - libgcc >=15
  - libstdcxx >=15
  - libzlib >=1.3.2,<2.0a0
  license: BSD-3-Clause
  license_family: BSD
  run_exports:
    weak:
    - libsolv >=0.7.39,<0.8.0a0
  size: 528489
  timestamp: 1786955817362
- conda: https://prefix.dev/conda-forge/linux-64/libsqlite-3.53.4-h13e7031_1.conda
  sha256: f20d70da54e5b31dd4a51fb1efeaafafd5ab6dd8d7ac9d1438eaa2526ac4ed3d
  md5: e72bbec309c2b0f37823ee7d4fabfcd3
  depends:
  - __glibc >=2.17,<3.0.a0
  - icu >=78.3,<79.0a0
  - libgcc >=15
  - libzlib >=1.3.2,<2.0a0
  license: blessing
  run_exports:
    weak:
    - libsqlite >=3.53.4,<4.0a0
  size: 974348
  timestamp: 1787051145557
- conda: https://prefix.dev/conda-forge/linux-64/libssh2-1.11.1-h6154650_1.conda
  sha256: 7e463000fa1cba3f3a6597b776f6ab301d425a96e3bc20d0d9d76a3b9f237aa3
  md5: 5c526561e1d2a2e071941174eae84557
  depends:
  - __glibc >=2.17,<3.0.a0
  - libgcc >=14
  - libzlib >=1.3.2,<2.0a0
  - openssl >=3.5.7,<4.0a0
  license: BSD-3-Clause
  license_family: BSD
  run_exports:
    weak:
    - libssh2 >=1.11.1,<2.0a0
  size: 306045
  timestamp: 1786713107897
- conda: https://prefix.dev/conda-forge/linux-64/libstdcxx-16.2.0-h934c35e_5.conda
  sha256: 38cadde30fad8f7c101f9eec79f60bf03fc99310c7195d23f8b30832516d666f
  md5: 75b43a2912a0354204696708e4f34b8d
  depends:
  - __glibc >=2.17,<3.0.a0
  - libgcc 16.2.0 ha9f2e26_5
  constrains:
  - libstdcxx-ng ==16.2.0=*_5
  license: GPL-3.0-only WITH GCC-exception-3.1
  license_family: GPL
  run_exports: {}
  size: 6618916
  timestamp: 1789485826390
- conda: https://prefix.dev/conda-forge/linux-64/libtasn1-4.21.0-hb03c661_1.conda
  sha256: 566a9d39a9a89ee0ef7cb8ab36de0ab9f01b74039347cab727179da32fb44168
  md5: e9268f0d59cc7559d0e910b402cd437a
  depends:
  - __glibc >=2.17,<3.0.a0
  - libgcc >=14
  license: LGPL-2.1-or-later
  run_exports:
    weak:
    - libtasn1 >=4.21.0,<5.0a0
  size: 119260
  timestamp: 1785905789773
- conda: https://prefix.dev/conda-forge/linux-64/libunistring-0.9.10-h7f98852_0.tar.bz2
  sha256: e88c45505921db29c08df3439ddb7f771bbff35f95e7d3103bf365d5d6ce2a6d
  md5: 7245a044b4a1980ed83196176b78b73a
  depends:
  - libgcc-ng >=9.3.0
  license: GPL-3.0-only OR LGPL-3.0-only
  run_exports:
    weak:
    - libunistring >=0,<1.0a0
  size: 1433436
  timestamp: 1626955018689
- conda: https://prefix.dev/conda-forge/linux-64/libuuid-2.42.3-hcfc3c73_0.conda
  sha256: aa58bbba56644ffd062a4a9b358782c5eb7560ccead2ab8f7c5c6ede0a7d33a6
  md5: 74a0a409d9f4561265d36b789d3f398a
  depends:
  - __glibc >=2.17,<3.0.a0
  - libgcc >=15
  license: BSD-3-Clause
  license_family: BSD
  run_exports:
    weak:
    - libuuid >=2.42.3,<3.0a0
  size: 39998
  timestamp: 1788347719520
- conda: https://prefix.dev/conda-forge/linux-64/libxml2-16-2.15.4-hf3af7cc_0.conda
  sha256: 9a1685c8d8b8488cd7882a9cd6e673e687211ca763ebbcd1e91b6f594eeadc45
  md5: b7545c57a73a51d72aa6eee5695cf051
  depends:
  - __glibc >=2.17,<3.0.a0
  - icu >=78.3,<79.0a0
  - libgcc >=15
  - libiconv >=1.18,<2.0a0
  - liblzma >=5.8.3,<6.0a0
  - libzlib >=1.3.2,<2.0a0
  constrains:
  - libxml2 2.15.4
  license: MIT
  license_family: MIT
  run_exports: {}
  size: 569196
  timestamp: 1788635197456
- conda: https://prefix.dev/conda-forge/linux-64/libxml2-2.15.4-h7df9aa5_0.conda
  sha256: 053d85821ce5e36b7ce03faea5930382f6af695df9e2cd68e5d8d273072d1551
  md5: ea192d1ef556bf1d55de4acb8c0f5b65
  depends:
  - __glibc >=2.17,<3.0.a0
  - icu >=78.3,<79.0a0
  - libgcc >=15
  - libiconv >=1.18,<2.0a0
  - liblzma >=5.8.3,<6.0a0
  - libxml2-16 2.15.4 hf3af7cc_0
  - libzlib >=1.3.2,<2.0a0
  license: MIT
  license_family: MIT
  run_exports:
    weak:
    - libxml2
    - libxml2-16 >=2.15.4
  size: 47077
  timestamp: 1788635202698
- conda: https://prefix.dev/conda-forge/linux-64/libzlib-1.3.2-h25fd6f3_3.conda
  sha256: eb8a0db0aa570124f7d2a93d7c7f596e3390df5e047818d873baad32985fc736
  md5: 0de0122d9570a8ab637c6b73db268389
  depends:
  - __glibc >=2.17,<3.0.a0
  constrains:
  - zlib 1.3.2 *_3
  license: Zlib
  license_family: Other
  run_exports:
    weak:
    - libzlib >=1.3.2,<2.0a0
  size: 63713
  timestamp: 1785362952714
- conda: https://prefix.dev/conda-forge/linux-64/lua-5.5.0-h76c996d_0.conda
  sha256: dcf9f670f00f31fe52f553d00cd4745e0d716737b475ea2d39318ae8c704ba50
  md5: 9ae4320f887730f0c09366e27b8ceebb
  depends:
  - readline
  - ncurses
  - __glibc >=2.17,<3.0.a0
  - libgcc >=14
  - ncurses >=6.5,<7.0a0
  - readline >=8.3,<9.0a0
  license: MIT
  license_family: MIT
  run_exports:
    weak:
    - lua >=5.5.0,<5.6.0a0
  size: 242035
  timestamp: 1767624000411
- conda: https://prefix.dev/conda-forge/linux-64/lz4-c-1.10.0-hee9eb32_2.conda
  sha256: b8c0e930183e6b7f83cd35ace102f2b8c2f0faae41dc05255dc72f247dfc556a
  md5: e38a3253d72ab07d471483f24947e2a2
  depends:
  - libgcc >=15
  - libstdcxx >=15
  - __glibc >=2.17,<3.0.a0
  license: BSD-2-Clause
  license_family: BSD
  run_exports:
    weak:
    - lz4-c >=1.10.0,<1.11.0a0
  size: 181812
  timestamp: 1786717122815
- conda: https://prefix.dev/conda-forge/linux-64/lzo-2.10-hebe6cf0_1003.conda
  sha256: a0a1400198e5302d8367f2ed53437ee3cc41dbc463cb481921ce765578780b7a
  md5: 10e0aa58ed390ba598b728badf9eb1b7
  depends:
  - __glibc >=2.17,<3.0.a0
  - libgcc >=15
  license: GPL-2.0-or-later
  license_family: GPL
  run_exports:
    weak:
    - lzo >=2.10,<3.0a0
  size: 191573
  timestamp: 1787049167898
- conda: https://prefix.dev/conda-forge/linux-64/mamba-2.9.0-h33f7037_1.conda
  sha256: 7884bb7459798e145bab9e4a75544e23d7f7c25383a8651eb036047854e5500b
  md5: 261ab7475e6597418837f1382fa7e14f
  depends:
  - libmamba ==2.9.0 py314h6ba947b_1
  - __glibc >=2.17,<3.0.a0
  - libmamba >=2.9.0,<2.10.0a0
  - zstd >=1.5.7,<1.6.0a0
  - reproc-cpp >=14.2.8.post0,<14.3.0a0
  - reproc >=14.2.8.post0,<14.3.0a0
  license: BSD-3-Clause
  license_family: BSD
  run_exports: {}
  size: 636901
  timestamp: 1789061577265
- conda: https://prefix.dev/conda-forge/linux-64/ncurses-6.6-hdb14827_1.conda
  sha256: 5d46557214ed184381dafe835b7c94a474a1c3b307a08a250b1ea4779b44ffb3
  md5: ee6c0cd80a60961a1f48aa3e0b91f986
  depends:
  - __glibc >=2.17,<3.0.a0
  - libgcc >=14
  license: X11 AND BSD-3-Clause
  run_exports:
    weak:
    - ncurses >=6.6,<7.0a0
  size: 911196
  timestamp: 1786355078102
- conda: https://prefix.dev/conda-forge/linux-64/nettle-3.10.1-h5ef0d04_1.conda
  sha256: 9f08df8a8d6660c4c5d8c810da2da2a5b099cd00ca30e1174be6d8df27a82120
  md5: 7b8f8d1226c95f61a51436a657c84770
  depends:
  - __glibc >=2.17,<3.0.a0
  - libgcc >=14
  - gmp >=6.3.0,<7.0a0
  license: GPL-2.0-or-later OR LGPL-3.0-or-later
  run_exports:
    weak:
    - nettle >=3.10.1,<3.11.0a0
  size: 1052171
  timestamp: 1787065085312
- conda: https://prefix.dev/conda-forge/linux-64/oniguruma-6.9.10-hebe6cf0_1.conda
  sha256: 098de630b10d3276d52b075360fa8492574ac3f60ff098a8f32cc1738274f1dd
  md5: d0d628a0259bb9cbcd73f792b0b61387
  depends:
  - __glibc >=2.17,<3.0.a0
  - libgcc >=15
  license: BSD-2-Clause
  license_family: BSD
  run_exports:
    weak:
    - oniguruma >=6.9.10,<6.10.0a0
  size: 281251
  timestamp: 1788946162424
- conda: https://prefix.dev/conda-forge/linux-64/openssl-3.6.4-h781a0a9_0.conda
  sha256: 4747b2d6a8336f52343bceb8a1ebf41a9e6e665b9d2e3f989972de53a310599e
  md5: 16e3034a330cc625f2c685edec60cf4e
  depends:
  - __glibc >=2.17,<3.0.a0
  - ca-certificates
  - libgcc >=15
  license: Apache-2.0
  license_family: Apache
  run_exports:
    weak:
    - openssl >=3.6.4,<4.0a0
  size: 3202955
  timestamp: 1787698780103
- conda: https://prefix.dev/conda-forge/linux-64/p11-kit-0.26.5-h8d769aa_2.conda
  sha256: 16bcb050de08f5423b0e898dea9eb08a66ff93c1b347233137ffc17b2ec7e66c
  md5: aeb4e6fe52e15c22f44f73476510c005
  depends:
  - __glibc >=2.17,<3.0.a0
  - libffi >=3.7.0,<3.8.0a0
  - libgcc >=15
  - libtasn1 >=4.21.0,<5.0a0
  license: MIT
  license_family: MIT
  run_exports:
    weak:
    - p11-kit >=0.26.5,<0.27.0a0
  size: 3945183
  timestamp: 1788196153960
- conda: https://prefix.dev/conda-forge/linux-64/patchelf-0.19.1-hee9eb32_1.conda
  sha256: f138da28cd92824eb58ca11b3f9d5d6d32e1cbd31d7f5589ccda1a7398522b6b
  md5: 21ce762527ea167059a17516773a8cc4
  depends:
  - __glibc >=2.17,<3.0.a0
  - libstdcxx >=15
  - libgcc >=15
  license: GPL-3.0-or-later
  license_family: GPL
  run_exports: {}
  size: 152278
  timestamp: 1787380796884
- conda: https://prefix.dev/conda-forge/linux-64/popt-1.19-hcfc3c73_2.conda
  sha256: 2c1d0941c8701f4e49a886a487453d0a4a39b985246b5fa7b48224746f3b54e6
  md5: 65d39b6ad3f83e27190f2378a1594bba
  depends:
  - libgcc >=15
  - __glibc >=2.17,<3.0.a0
  - libiconv >=1.18,<2.0a0
  license: MIT
  license_family: MIT
  run_exports:
    weak:
    - popt >=1.19,<2.0a0
  size: 75956
  timestamp: 1787667714286
- conda: https://prefix.dev/conda-forge/linux-64/python-3.14.7-hcd007b5_106_cp314.conda
  build_number: 106
  sha256: 4cd05407d6b07d00fd5b6cc78bd2f60ae5e21f777eb26ead82be2e3751c610a1
  md5: 56ee91e118243e46bfc0c41e4030d354
  depends:
  - __glibc >=2.17,<3.0.a0
  - bzip2 >=1.0.8,<2.0a0
  - ld_impl_linux-64 >=2.36.1
  - libexpat >=2.8.1,<3.0a0
  - libffi >=3.7.0,<3.8.0a0
  - libgcc >=15
  - liblzma >=5.8.3,<6.0a0
  - libmpdec >=4.0.0,<5.0a0
  - libpython 3.14.7 hdc7f604_106_cp314
  - libsqlite >=3.53.4,<4.0a0
  - libuuid >=2.42.3,<3.0a0
  - libzlib >=1.3.2,<2.0a0
  - ncurses >=6.6,<7.0a0
  - openssl >=3.5.8,<4.0a0
  - python_abi 3.14.* *_cp314
  - readline >=8.3,<9.0a0
  - tk >=8.6.13,<8.7.0a0
  - tzdata
  - zstd >=1.5.7,<1.6.0a0
  license: Python-2.0
  run_exports:
    weak:
    - python_abi 3.14.* *_cp314
    noarch:
    - python
  size: 26484459
  timestamp: 1788383955577
  python_site_packages_path: lib/python3.14/site-packages
- conda: https://prefix.dev/conda-forge/linux-64/rattler-build-0.75.0-hf01adef_0.conda
  sha256: 304df89e62a43f0c303b199da73b7f0f80d279bbe6995579abe892f6eea116a9
  md5: 21ddb2e506f2c6c6645108e8b7d29fd3
  depends:
  - patchelf
  - __glibc >=2.17,<3.0.a0
  - libstdcxx >=15
  - libgcc >=15
  - openssl >=3.5.8,<4.0a0
  constrains:
  - __glibc >=2.17
  license: BSD-3-Clause
  license_family: BSD
  run_exports: {}
  size: 20001197
  timestamp: 1787768626015
- conda: https://prefix.dev/conda-forge/linux-64/rattler-index-0.31.5-h10a7753_0.conda
  sha256: 09cc437c855086dacc5eb079e0ef4e803ad1481a01e2d1888a61aee0997acc4a
  md5: a7095c222125caa80758999f633e1fca
  depends:
  - __glibc >=2.17,<3.0.a0
  - libgcc >=15
  - libiconv >=1.18,<2.0a0
  - openssl >=3.5.8,<4.0a0
  constrains:
  - __glibc >=2.17
  license: BSD-3-Clause
  license_family: BSD
  run_exports: {}
  size: 7038042
  timestamp: 1788610043158
- conda: https://prefix.dev/conda-forge/linux-64/readline-8.3-hd6e31c0_1.conda
  sha256: 01b3fe073a66e321970d09e04b388708f8cbdca5cdfbfcb7c9eeb470ad10383d
  md5: 69c01c781e7c8190bbdaf79e3848c5ca
  depends:
  - __glibc >=2.17,<3.0.a0
  - libgcc >=15
  - ncurses >=6.6,<7.0a0
  license: GPL-3.0-only
  license_family: GPL
  run_exports:
    weak:
    - readline >=8.3,<9.0a0
  size: 348899
  timestamp: 1787033801506
- conda: https://prefix.dev/conda-forge/linux-64/reproc-14.2.8.post0-hee9eb32_0.conda
  sha256: fc23277984a1bfff6edfaf4956484f3daa2f6271035050480eddb3c4c9076d46
  md5: 3248db26fec71163db19d13fbabecd42
  depends:
  - __glibc >=2.17,<3.0.a0
  - libgcc >=15
  license: MIT
  license_family: MIT
  run_exports:
    weak:
    - reproc >=14.2.8.post0,<14.3.0a0
  size: 37774
  timestamp: 1788160449779
- conda: https://prefix.dev/conda-forge/linux-64/reproc-cpp-14.2.8.post0-h1c70be6_0.conda
  sha256: 86baa58c2aa797fc9c60d8dac7c9b084651464fcad2c6a2bea8036fcc1d3dd7d
  md5: 04afaf7b13f8ac3c947230a24d835c94
  depends:
  - reproc ==14.2.8.post0 hee9eb32_0
  - __glibc >=2.17,<3.0.a0
  - libstdcxx >=15
  - libgcc >=15
  - reproc >=14.2.8.post0,<14.3.0a0
  license: MIT
  license_family: MIT
  run_exports:
    weak:
    - reproc-cpp >=14.2.8.post0,<14.3.0a0
  size: 29221
  timestamp: 1788160449779
- conda: https://prefix.dev/conda-forge/linux-64/rpm-sequoia-1.10.3-h69923ef_0.conda
  sha256: c5db4da35a51628296086e317ef250bfa1a6d521783bbc3da967a9156ba25332
  md5: 1d34bc92f6101f22d3ad7809ce2e6f17
  depends:
  - __glibc >=2.17,<3.0.a0
  - libgcc >=15
  - nettle >=3.10.1,<3.11.0a0
  constrains:
  - __glibc >=2.17
  license: LGPL-2.0-or-later
  license_family: LGPL
  run_exports:
    weak:
    - rpm-sequoia >=1.10.3,<1.11.0a0
  size: 1242889
  timestamp: 1788802905729
- conda: https://prefix.dev/conda-forge/linux-64/rpm-tools-6.1.0-py311lua5hd158a65_0.conda
  noarch: python
  sha256: 77c305a15dbef91349933a73deab5d9dac7bc9169a505cb9ab810ee5e65d86fb
  md5: 89af356e306c5ca7284b422e7964f8b8
  depends:
  - python
  - elfutils >=0.194,<1.0a0
  - file >=5.48,<6.0a0
  - libstdcxx >=15
  - libgcc >=15
  - __glibc >=2.28,<3.0.a0
  - _openmp_mutex >=4.5
  - bzip2 >=1.0.8,<2.0a0
  - liblzma >=5.8.3,<6.0a0
  - lua >=5.5.0,<5.6.0a0
  - libacl >=2.4.0,<2.5.0a0
  - libcap >=2.78,<2.79.0a0
  - libiconv >=1.18,<2.0a0
  - popt >=1.19,<2.0a0
  - elfutils >=0.194,<0.195.0a0
  - rpm-sequoia >=1.10.1,<1.11.0a0
  - libarchive >=3.8.9,<3.9.0a0
  - _python_abi3_support 1.*
  - cpython >=3.11
  - libsqlite >=3.53.4,<4.0a0
  - zstd >=1.5.7,<1.6.0a0
  - libzlib >=1.3.2,<2.0a0
  - readline >=8.3,<9.0a0
  license: GPL-2.0-or-later OR LGPL-2.0-or-later
  run_exports: {}
  size: 1459938
  timestamp: 1788650806825
- conda: https://prefix.dev/conda-forge/linux-64/simdjson-4.6.11-h4dbf13b_0.conda
  sha256: e313740ff17c7912994225ad62c795ef0fdc19d7e6a08a4e6bff3e597205f79c
  md5: a65fbdd7742df8c2e87304a988889e4f
  depends:
  - __glibc >=2.17,<3.0.a0
  - libstdcxx >=15
  - libgcc >=15
  license: Apache-2.0
  license_family: APACHE
  run_exports:
    weak:
    - simdjson >=4.6.11,<4.7.0a0
  size: 358626
  timestamp: 1788630509372
- conda: https://prefix.dev/conda-forge/linux-64/spdlog-1.17.0-hb6aa676_2.conda
  sha256: 5fca627690d56c6f87a9dabafceee54cb75d7da392309bb080333948c048365a
  md5: 5e32ceeb7b9514ce4730565052829dbd
  depends:
  - __glibc >=2.17,<3.0.a0
  - fmt >=12.1.0,<12.2.0a0
  - libgcc >=14
  - libstdcxx >=14
  license: MIT
  license_family: MIT
  run_exports:
    weak:
    - spdlog >=1.17.0,<1.18.0a0
  size: 197438
  timestamp: 1785924346496
- conda: https://prefix.dev/conda-forge/linux-64/tk-8.6.13-noxft_h1df4ec4_4.conda
  build_number: 104
  sha256: a1a241d172c1ccab067ba245206dd048bc3c2d1b84504b53c9468e99adfc16a1
  md5: 676a2f9b1c4fcf57b70aa5c65f6c60d0
  depends:
  - libgcc >=15
  - __glibc >=2.17,<3.0.a0
  - libzlib >=1.3.2,<2.0a0
  constrains:
  - xorg-libx11 >=1.8.13,<2.0a0
  license: TCL
  run_exports:
    weak:
    - tk >=8.6.13,<8.7.0a0
  size: 3566806
  timestamp: 1787272857910
- conda: https://prefix.dev/conda-forge/linux-64/yaml-cpp-0.8.0-h54a6638_1.conda
  sha256: 425808ebd2a20bfc460995293995e1fa0510e93c300535e2ec3622bd3d84288c
  md5: 18bf4b05b458fb8135987e47364f3dcb
  depends:
  - __glibc >=2.17,<3.0.a0
  - libgcc >=14
  - libstdcxx >=14
  license: MIT
  license_family: MIT
  run_exports:
    weak:
    - yaml-cpp >=0.8.0,<0.9.0a0
  size: 242654
  timestamp: 1785923983284
- conda: https://prefix.dev/conda-forge/linux-64/zstd-1.5.7-hb78ec9c_7.conda
  sha256: 47d682b9f6d6ec9eb1a6e6c3e75ea6273e899e78fb7fc59f81d39745009fbc60
  md5: aa459086047c0e5e27023ab19f8cb86a
  depends:
  - __glibc >=2.17,<3.0.a0
  - libzlib >=1.3.2,<2.0a0
  license: BSD-3-Clause
  license_family: BSD
  run_exports:
    weak:
    - zstd >=1.5.7,<1.6.0a0
  size: 601301
  timestamp: 1786599621503
- conda: https://prefix.dev/conda-forge/noarch/_python_abi3_support-1.0-hd8ed1ab_3.conda
  sha256: 2a7204314663eeda5dec482a956f0e2eaf289bd5b9953eaaaad0e81aa64638f2
  md5: 3845f3d75991bae0fb90884662f4327c
  depends:
  - cpython
  - python-gil
  license: MIT
  license_family: MIT
  run_exports: {}
  size: 8144
  timestamp: 1784221492234
- conda: https://prefix.dev/conda-forge/noarch/ca-certificates-2026.7.22-hbd8a1cb_0.conda
  sha256: 0a0544cf95f64394fe4959286f5c71f5444ad58feb0602e53becb27448d24da6
  md5: 0f51e2391ade309db462a55611263e9c
  depends:
  - __unix
  license: ISC
  run_exports: {}
  size: 131780
  timestamp: 1784754889428
- conda: https://prefix.dev/conda-forge/noarch/cpython-3.14.7-py314hd8ed1ab_106.conda
  noarch: generic
  sha256: fd701880cf6f696420aa5b4b530dbdf0c83a16bdb50aeb760b3159eec5c416bf
  md5: 3b52b830ac00367685c08f98f50963bf
  depends:
  - python >=3.14,<3.15.0a0
  - python_abi * *_cp314
  license: Python-2.0
  run_exports: {}
  size: 51289
  timestamp: 1788383537525
- conda: https://prefix.dev/conda-forge/noarch/nlohmann_json-abi-3.12.0-h0f90c79_2.conda
  sha256: 30d271dd63391e053aa3c393c5d93fb622dec5d50a64107171ee28242660608e
  md5: 849b8852621992c3f3a1901c939a0399
  license: MIT
  license_family: MIT
  run_exports:
    weak:
    - nlohmann_json-abi ==3.12.0
  size: 4365
  timestamp: 1785920576349
- conda: https://prefix.dev/conda-forge/noarch/python-gil-3.14.7-h4df99d1_106.conda
  sha256: 801ef80bc9f9394d9b3b5cae5a90c33cbbc33004b3e93195b93af818aad8888b
  md5: b672ecb44198ade19ef249bf99f4b1ff
  depends:
  - cpython 3.14.7.*
  - python_abi * *_cp314
  license: Python-2.0
  run_exports: {}
  size: 51276
  timestamp: 1788383547342
- conda: https://prefix.dev/conda-forge/noarch/python_abi-3.14-9_cp314.conda
  build_number: 9
  sha256: e7f8e965bbfb98e08feb2365cacdad8bb218fa5b5a0a2752f747287f425f213c
  md5: 350d89b50d7de805abf2e63e29dee451
  constrains:
  - python 3.14.* *_cp314
  license: BSD-3-Clause
  license_family: BSD
  run_exports: {}
  size: 6791
  timestamp: 1788302824440
- conda: https://prefix.dev/conda-forge/noarch/tzdata-2026c-h151e31d_0.conda
  sha256: b928c30ddcb0e3f544c6eade8352737e6e610e263276b90232db6a578ef899d8
  md5: fcb489df604d100968b737f2cb6076c6
  license: LicenseRef-Public-Domain
  run_exports: {}
  size: 118849
  timestamp: 1784250406640
